
Microsoft Visual Studio Solution File, Format Version 12.00
# Visual Studio Version 16
VisualStudioVersion = 16.0.29123.89
MinimumVisualStudioVersion = 10.0.40219.1
Project("{9A19103F-16F7-4668-BE54-9A1E7A4F7556}") = "LeoCms", "LeoCms\LeoCms.csproj", "{37D2801C-29F8-42FE-9249-B0C1D74976C6}"
EndProject
Project("{2150E333-8FDC-42A3-9474-1A3956D46DE8}") = "test", "test", "{45468B54-FF0C-41E9-BB18-36AE955D0706}"
EndProject
Project("{9A19103F-16F7-4668-BE54-9A1E7A4F7556}") = "Leo.UnitTest", "Leo.UnitTest\Leo.UnitTest.csproj", "{3BF0F42E-9422-4580-8692-60E140A78521}"
EndProject
Project("{2150E333-8FDC-42A3-9474-1A3956D46DE8}") = "src", "src", "{70A275CA-64B1-42CF-8CB5-9F9825D5E3F1}"
EndProject
Project("{2150E333-8FDC-42A3-9474-1A3956D46DE8}") = "microservice", "microservice", "{9DDDEC8B-EFA1-4751-9C6A-A72A48870345}"
EndProject
Project("{9A19103F-16F7-4668-BE54-9A1E7A4F7556}") = "Leo.Microservice.MessagePack", "microservice\Leo.Microservice.MessagePack\Leo.Microservice.MessagePack.csproj", "{956A1034-417D-4BD9-A9FD-45DCDC7F332D}"
EndProject
Project("{9A19103F-16F7-4668-BE54-9A1E7A4F7556}") = "Leo.Data.Abstractions", "Leo.Data.Abstractions\Leo.Data.Abstractions.csproj", "{F1956A03-0BC4-49D7-B18D-E6FA50F1293F}"
EndProject
Project("{9A19103F-16F7-4668-BE54-9A1E7A4F7556}") = "Leo.Data", "Leo.Data\Leo.Data.csproj", "{03D9DD5B-74D7-469A-8BC5-AA835CA34C52}"
EndProject
Project("{9A19103F-16F7-4668-BE54-9A1E7A4F7556}") = "Leo.Abstractions", "Leo.Abstractions\Leo.Abstractions.csproj", "{B227D98F-DA1B-4DBB-92E1-FDC83A590B55}"
EndProject
Project("{9A19103F-16F7-4668-BE54-9A1E7A4F7556}") = "Leo.Extensions", "Leo.Extensions\Leo.Extensions.csproj", "{0F258A5F-B03A-40C8-9F63-198AC31B7FAB}"
EndProject
Project("{9A19103F-16F7-4668-BE54-9A1E7A4F7556}") = "Leo.Users", "Leo.Users\Leo.Users.csproj", "{F9DB9EB9-92E9-425A-9472-BF9D12F94383}"
EndProject
Project("{9A19103F-16F7-4668-BE54-9A1E7A4F7556}") = "Leo.Microservice.Abstractions", "microservice\Leo.Microservice.Abstractions\Leo.Microservice.Abstractions.csproj", "{5785802B-FFA3-41D4-8F0D-6203DF674817}"
EndProject
Project("{9A19103F-16F7-4668-BE54-9A1E7A4F7556}") = "Leo.Microservice.DotNetty", "microservice\Leo.Microservice.DotNetty\Leo.Microservice.DotNetty.csproj", "{AC0FE80C-C03F-4097-AB46-8F8B682149BE}"
EndProject
Project("{9A19103F-16F7-4668-BE54-9A1E7A4F7556}") = "Leo.Microservice.Executor", "microservice\Leo.Microservice.Executor\Leo.Microservice.Executor.csproj", "{5DCE16E8-5387-425B-9810-53CF2BE6A981}"
EndProject
Project("{9A19103F-16F7-4668-BE54-9A1E7A4F7556}") = "Leo.Microservice.Host", "microservice\Leo.Microservice.Host\Leo.Microservice.Host.csproj", "{B20CFF65-D197-4236-8539-0CC0DC02EF73}"
EndProject
Project("{2150E333-8FDC-42A3-9474-1A3956D46DE8}") = "servicelaunch", "servicelaunch", "{73552ECD-0140-4031-AFDE-792CDFFAC731}"
EndProject
Project("{9A19103F-16F7-4668-BE54-9A1E7A4F7556}") = "Leo.ServiceLaunch.Client", "servicelaunch\Leo.ServiceLaunch.Client\Leo.ServiceLaunch.Client.csproj", "{57D52CF9-E66B-47C8-A2A7-966B6DD8C402}"
EndProject
Project("{9A19103F-16F7-4668-BE54-9A1E7A4F7556}") = "Leo.ServiceLaunch.Server", "servicelaunch\Leo.ServiceLaunch.Server\Leo.ServiceLaunch.Server.csproj", "{6F637063-8F90-4517-8ECD-680F0FA29C41}"
EndProject
Project("{FAE04EC0-301F-11D3-BF4B-00C04F79EFBC}") = "Leo.Microservice.Extensions", "microservice\Leo.Microservice.Extensions\Leo.Microservice.Extensions.csproj", "{0A4E6A5C-9611-4944-87C6-5A8CE095FDA2}"
EndProject
Global
	GlobalSection(SolutionConfigurationPlatforms) = preSolution
		Debug|Any CPU = Debug|Any CPU
		Release|Any CPU = Release|Any CPU
	EndGlobalSection
	GlobalSection(ProjectConfigurationPlatforms) = postSolution
		{37D2801C-29F8-42FE-9249-B0C1D74976C6}.Debug|Any CPU.ActiveCfg = Debug|Any CPU
		{37D2801C-29F8-42FE-9249-B0C1D74976C6}.Debug|Any CPU.Build.0 = Debug|Any CPU
		{37D2801C-29F8-42FE-9249-B0C1D74976C6}.Release|Any CPU.ActiveCfg = Release|Any CPU
		{37D2801C-29F8-42FE-9249-B0C1D74976C6}.Release|Any CPU.Build.0 = Release|Any CPU
		{3BF0F42E-9422-4580-8692-60E140A78521}.Debug|Any CPU.ActiveCfg = Debug|Any CPU
		{3BF0F42E-9422-4580-8692-60E140A78521}.Debug|Any CPU.Build.0 = Debug|Any CPU
		{3BF0F42E-9422-4580-8692-60E140A78521}.Release|Any CPU.ActiveCfg = Release|Any CPU
		{3BF0F42E-9422-4580-8692-60E140A78521}.Release|Any CPU.Build.0 = Release|Any CPU
		{956A1034-417D-4BD9-A9FD-45DCDC7F332D}.Debug|Any CPU.ActiveCfg = Debug|Any CPU
		{956A1034-417D-4BD9-A9FD-45DCDC7F332D}.Debug|Any CPU.Build.0 = Debug|Any CPU
		{956A1034-417D-4BD9-A9FD-45DCDC7F332D}.Release|Any CPU.ActiveCfg = Release|Any CPU
		{956A1034-417D-4BD9-A9FD-45DCDC7F332D}.Release|Any CPU.Build.0 = Release|Any CPU
		{F1956A03-0BC4-49D7-B18D-E6FA50F1293F}.Debug|Any CPU.ActiveCfg = Debug|Any CPU
		{F1956A03-0BC4-49D7-B18D-E6FA50F1293F}.Debug|Any CPU.Build.0 = Debug|Any CPU
		{F1956A03-0BC4-49D7-B18D-E6FA50F1293F}.Release|Any CPU.ActiveCfg = Release|Any CPU
		{F1956A03-0BC4-49D7-B18D-E6FA50F1293F}.Release|Any CPU.Build.0 = Release|Any CPU
		{03D9DD5B-74D7-469A-8BC5-AA835CA34C52}.Debug|Any CPU.ActiveCfg = Debug|Any CPU
		{03D9DD5B-74D7-469A-8BC5-AA835CA34C52}.Debug|Any CPU.Build.0 = Debug|Any CPU
		{03D9DD5B-74D7-469A-8BC5-AA835CA34C52}.Release|Any CPU.ActiveCfg = Release|Any CPU
		{03D9DD5B-74D7-469A-8BC5-AA835CA34C52}.Release|Any CPU.Build.0 = Release|Any CPU
		{B227D98F-DA1B-4DBB-92E1-FDC83A590B55}.Debug|Any CPU.ActiveCfg = Debug|Any CPU
		{B227D98F-DA1B-4DBB-92E1-FDC83A590B55}.Debug|Any CPU.Build.0 = Debug|Any CPU
		{B227D98F-DA1B-4DBB-92E1-FDC83A590B55}.Release|Any CPU.ActiveCfg = Release|Any CPU
		{B227D98F-DA1B-4DBB-92E1-FDC83A590B55}.Release|Any CPU.Build.0 = Release|Any CPU
		{0F258A5F-B03A-40C8-9F63-198AC31B7FAB}.Debug|Any CPU.ActiveCfg = Debug|Any CPU
		{0F258A5F-B03A-40C8-9F63-198AC31B7FAB}.Debug|Any CPU.Build.0 = Debug|Any CPU
		{0F258A5F-B03A-40C8-9F63-198AC31B7FAB}.Release|Any CPU.ActiveCfg = Release|Any CPU
		{0F258A5F-B03A-40C8-9F63-198AC31B7FAB}.Release|Any CPU.Build.0 = Release|Any CPU
		{F9DB9EB9-92E9-425A-9472-BF9D12F94383}.Debug|Any CPU.ActiveCfg = Debug|Any CPU
		{F9DB9EB9-92E9-425A-9472-BF9D12F94383}.Debug|Any CPU.Build.0 = Debug|Any CPU
		{F9DB9EB9-92E9-425A-9472-BF9D12F94383}.Release|Any CPU.ActiveCfg = Release|Any CPU
		{F9DB9EB9-92E9-425A-9472-BF9D12F94383}.Release|Any CPU.Build.0 = Release|Any CPU
		{5785802B-FFA3-41D4-8F0D-6203DF674817}.Debug|Any CPU.ActiveCfg = Debug|Any CPU
		{5785802B-FFA3-41D4-8F0D-6203DF674817}.Debug|Any CPU.Build.0 = Debug|Any CPU
		{5785802B-FFA3-41D4-8F0D-6203DF674817}.Release|Any CPU.ActiveCfg = Release|Any CPU
		{5785802B-FFA3-41D4-8F0D-6203DF674817}.Release|Any CPU.Build.0 = Release|Any CPU
		{AC0FE80C-C03F-4097-AB46-8F8B682149BE}.Debug|Any CPU.ActiveCfg = Debug|Any CPU
		{AC0FE80C-C03F-4097-AB46-8F8B682149BE}.Debug|Any CPU.Build.0 = Debug|Any CPU
		{AC0FE80C-C03F-4097-AB46-8F8B682149BE}.Release|Any CPU.ActiveCfg = Release|Any CPU
		{AC0FE80C-C03F-4097-AB46-8F8B682149BE}.Release|Any CPU.Build.0 = Release|Any CPU
		{5DCE16E8-5387-425B-9810-53CF2BE6A981}.Debug|Any CPU.ActiveCfg = Debug|Any CPU
		{5DCE16E8-5387-425B-9810-53CF2BE6A981}.Debug|Any CPU.Build.0 = Debug|Any CPU
		{5DCE16E8-5387-425B-9810-53CF2BE6A981}.Release|Any CPU.ActiveCfg = Release|Any CPU
		{5DCE16E8-5387-425B-9810-53CF2BE6A981}.Release|Any CPU.Build.0 = Release|Any CPU
		{B20CFF65-D197-4236-8539-0CC0DC02EF73}.Debug|Any CPU.ActiveCfg = Debug|Any CPU
		{B20CFF65-D197-4236-8539-0CC0DC02EF73}.Debug|Any CPU.Build.0 = Debug|Any CPU
		{B20CFF65-D197-4236-8539-0CC0DC02EF73}.Release|Any CPU.ActiveCfg = Release|Any CPU
		{B20CFF65-D197-4236-8539-0CC0DC02EF73}.Release|Any CPU.Build.0 = Release|Any CPU
		{57D52CF9-E66B-47C8-A2A7-966B6DD8C402}.Debug|Any CPU.ActiveCfg = Debug|Any CPU
		{57D52CF9-E66B-47C8-A2A7-966B6DD8C402}.Debug|Any CPU.Build.0 = Debug|Any CPU
		{57D52CF9-E66B-47C8-A2A7-966B6DD8C402}.Release|Any CPU.ActiveCfg = Release|Any CPU
		{57D52CF9-E66B-47C8-A2A7-966B6DD8C402}.Release|Any CPU.Build.0 = Release|Any CPU
		{6F637063-8F90-4517-8ECD-680F0FA29C41}.Debug|Any CPU.ActiveCfg = Debug|Any CPU
		{6F637063-8F90-4517-8ECD-680F0FA29C41}.Debug|Any CPU.Build.0 = Debug|Any CPU
		{6F637063-8F90-4517-8ECD-680F0FA29C41}.Release|Any CPU.ActiveCfg = Release|Any CPU
		{6F637063-8F90-4517-8ECD-680F0FA29C41}.Release|Any CPU.Build.0 = Release|Any CPU
		{0A4E6A5C-9611-4944-87C6-5A8CE095FDA2}.Debug|Any CPU.ActiveCfg = Debug|Any CPU
		{0A4E6A5C-9611-4944-87C6-5A8CE095FDA2}.Debug|Any CPU.Build.0 = Debug|Any CPU
		{0A4E6A5C-9611-4944-87C6-5A8CE095FDA2}.Release|Any CPU.ActiveCfg = Release|Any CPU
		{0A4E6A5C-9611-4944-87C6-5A8CE095FDA2}.Release|Any CPU.Build.0 = Release|Any CPU
	EndGlobalSection
	GlobalSection(SolutionProperties) = preSolution
		HideSolutionNode = FALSE
	EndGlobalSection
	GlobalSection(NestedProjects) = preSolution
		{37D2801C-29F8-42FE-9249-B0C1D74976C6} = {70A275CA-64B1-42CF-8CB5-9F9825D5E3F1}
		{3BF0F42E-9422-4580-8692-60E140A78521} = {45468B54-FF0C-41E9-BB18-36AE955D0706}
		{956A1034-417D-4BD9-A9FD-45DCDC7F332D} = {9DDDEC8B-EFA1-4751-9C6A-A72A48870345}
		{F1956A03-0BC4-49D7-B18D-E6FA50F1293F} = {70A275CA-64B1-42CF-8CB5-9F9825D5E3F1}
		{03D9DD5B-74D7-469A-8BC5-AA835CA34C52} = {70A275CA-64B1-42CF-8CB5-9F9825D5E3F1}
		{B227D98F-DA1B-4DBB-92E1-FDC83A590B55} = {70A275CA-64B1-42CF-8CB5-9F9825D5E3F1}
		{0F258A5F-B03A-40C8-9F63-198AC31B7FAB} = {70A275CA-64B1-42CF-8CB5-9F9825D5E3F1}
		{F9DB9EB9-92E9-425A-9472-BF9D12F94383} = {70A275CA-64B1-42CF-8CB5-9F9825D5E3F1}
		{5785802B-FFA3-41D4-8F0D-6203DF674817} = {9DDDEC8B-EFA1-4751-9C6A-A72A48870345}
		{AC0FE80C-C03F-4097-AB46-8F8B682149BE} = {9DDDEC8B-EFA1-4751-9C6A-A72A48870345}
		{5DCE16E8-5387-425B-9810-53CF2BE6A981} = {9DDDEC8B-EFA1-4751-9C6A-A72A48870345}
		{B20CFF65-D197-4236-8539-0CC0DC02EF73} = {9DDDEC8B-EFA1-4751-9C6A-A72A48870345}
		{57D52CF9-E66B-47C8-A2A7-966B6DD8C402} = {73552ECD-0140-4031-AFDE-792CDFFAC731}
		{6F637063-8F90-4517-8ECD-680F0FA29C41} = {73552ECD-0140-4031-AFDE-792CDFFAC731}
		{0A4E6A5C-9611-4944-87C6-5A8CE095FDA2} = {9DDDEC8B-EFA1-4751-9C6A-A72A48870345}
	EndGlobalSection
	GlobalSection(ExtensibilityGlobals) = postSolution
		SolutionGuid = {09BC2F5A-456F-4FB7-9E2E-D381D011BFEC}
	EndGlobalSection
EndGlobal
