
Microsoft Visual Studio Solution File, Format Version 12.00
# Visual Studio 15
VisualStudioVersion = 15.0.28307.572
MinimumVisualStudioVersion = 10.0.40219.1
Project("{9A19103F-16F7-4668-BE54-9A1E7A4F7556}") = "LeoCms", "LeoCms\LeoCms.csproj", "{37D2801C-29F8-42FE-9249-B0C1D74976C6}"
EndProject
Project("{2150E333-8FDC-42A3-9474-1A3956D46DE8}") = "test", "test", "{45468B54-FF0C-41E9-BB18-36AE955D0706}"
EndProject
Project("{9A19103F-16F7-4668-BE54-9A1E7A4F7556}") = "Leo.UnitTest", "Leo.UnitTest\Leo.UnitTest.csproj", "{3BF0F42E-9422-4580-8692-60E140A78521}"
EndProject
Project("{2150E333-8FDC-42A3-9474-1A3956D46DE8}") = "src", "src", "{70A275CA-64B1-42CF-8CB5-9F9825D5E3F1}"
EndProject
Project("{2150E333-8FDC-42A3-9474-1A3956D46DE8}") = "microservice", "microservice", "{9DDDEC8B-EFA1-4751-9C6A-A72A48870345}"
EndProject
Project("{9A19103F-16F7-4668-BE54-9A1E7A4F7556}") = "Leo.Microservice.Platform", "microservice\Leo.Microservice.Platform\Leo.Microservice.Platform.csproj", "{35525AD6-C31A-4BA5-9E7F-D25087B2B60C}"
EndProject
Project("{9A19103F-16F7-4668-BE54-9A1E7A4F7556}") = "Leo.Microservice.Consul", "microservice\Leo.Microservice.Consul\Leo.Microservice.Consul.csproj", "{F7701CA8-4953-4EB7-880B-4F0B5B3464B0}"
EndProject
Project("{9A19103F-16F7-4668-BE54-9A1E7A4F7556}") = "Leo.Microservice.RabbitMQ", "microservice\Leo.Microservice.RabbitMQ\Leo.Microservice.RabbitMQ.csproj", "{2D843797-0A3F-4FDC-B67C-C7F47C3D0E2A}"
EndProject
Project("{9A19103F-16F7-4668-BE54-9A1E7A4F7556}") = "Leo.Microservice.Http", "microservice\Leo.Microservice.Http\Leo.Microservice.Http.csproj", "{89425DEE-75DD-44DA-ACBA-30EDD95671DE}"
EndProject
Project("{9A19103F-16F7-4668-BE54-9A1E7A4F7556}") = "Leo.Microservice.MessagePack", "microservice\Leo.Microservice.MessagePack\Leo.Microservice.MessagePack.csproj", "{956A1034-417D-4BD9-A9FD-45DCDC7F332D}"
EndProject
Project("{9A19103F-16F7-4668-BE54-9A1E7A4F7556}") = "Leo.Microservice.Redis", "microservice\Leo.Microservice.Redis\Leo.Microservice.Redis.csproj", "{983CC1AA-5DAB-4F36-971C-13A4452AA9B0}"
EndProject
Project("{9A19103F-16F7-4668-BE54-9A1E7A4F7556}") = "Leo.Data.Abstractions", "Leo.Data.Abstractions\Leo.Data.Abstractions.csproj", "{F1956A03-0BC4-49D7-B18D-E6FA50F1293F}"
EndProject
Project("{9A19103F-16F7-4668-BE54-9A1E7A4F7556}") = "Leo.Data", "Leo.Data\Leo.Data.csproj", "{03D9DD5B-74D7-469A-8BC5-AA835CA34C52}"
EndProject
Project("{9A19103F-16F7-4668-BE54-9A1E7A4F7556}") = "Leo.Abstractions", "Leo.Abstractions\Leo.Abstractions.csproj", "{B227D98F-DA1B-4DBB-92E1-FDC83A590B55}"
EndProject
Project("{9A19103F-16F7-4668-BE54-9A1E7A4F7556}") = "Leo.Extensions", "Leo.Extensions\Leo.Extensions.csproj", "{0F258A5F-B03A-40C8-9F63-198AC31B7FAB}"
EndProject
Global
	GlobalSection(SolutionConfigurationPlatforms) = preSolution
		Debug|Any CPU = Debug|Any CPU
		Release|Any CPU = Release|Any CPU
	EndGlobalSection
	GlobalSection(ProjectConfigurationPlatforms) = postSolution
		{37D2801C-29F8-42FE-9249-B0C1D74976C6}.Debug|Any CPU.ActiveCfg = Debug|Any CPU
		{37D2801C-29F8-42FE-9249-B0C1D74976C6}.Debug|Any CPU.Build.0 = Debug|Any CPU
		{37D2801C-29F8-42FE-9249-B0C1D74976C6}.Release|Any CPU.ActiveCfg = Release|Any CPU
		{37D2801C-29F8-42FE-9249-B0C1D74976C6}.Release|Any CPU.Build.0 = Release|Any CPU
		{3BF0F42E-9422-4580-8692-60E140A78521}.Debug|Any CPU.ActiveCfg = Debug|Any CPU
		{3BF0F42E-9422-4580-8692-60E140A78521}.Debug|Any CPU.Build.0 = Debug|Any CPU
		{3BF0F42E-9422-4580-8692-60E140A78521}.Release|Any CPU.ActiveCfg = Release|Any CPU
		{3BF0F42E-9422-4580-8692-60E140A78521}.Release|Any CPU.Build.0 = Release|Any CPU
		{35525AD6-C31A-4BA5-9E7F-D25087B2B60C}.Debug|Any CPU.ActiveCfg = Debug|Any CPU
		{35525AD6-C31A-4BA5-9E7F-D25087B2B60C}.Debug|Any CPU.Build.0 = Debug|Any CPU
		{35525AD6-C31A-4BA5-9E7F-D25087B2B60C}.Release|Any CPU.ActiveCfg = Release|Any CPU
		{35525AD6-C31A-4BA5-9E7F-D25087B2B60C}.Release|Any CPU.Build.0 = Release|Any CPU
		{F7701CA8-4953-4EB7-880B-4F0B5B3464B0}.Debug|Any CPU.ActiveCfg = Debug|Any CPU
		{F7701CA8-4953-4EB7-880B-4F0B5B3464B0}.Debug|Any CPU.Build.0 = Debug|Any CPU
		{F7701CA8-4953-4EB7-880B-4F0B5B3464B0}.Release|Any CPU.ActiveCfg = Release|Any CPU
		{F7701CA8-4953-4EB7-880B-4F0B5B3464B0}.Release|Any CPU.Build.0 = Release|Any CPU
		{2D843797-0A3F-4FDC-B67C-C7F47C3D0E2A}.Debug|Any CPU.ActiveCfg = Debug|Any CPU
		{2D843797-0A3F-4FDC-B67C-C7F47C3D0E2A}.Debug|Any CPU.Build.0 = Debug|Any CPU
		{2D843797-0A3F-4FDC-B67C-C7F47C3D0E2A}.Release|Any CPU.ActiveCfg = Release|Any CPU
		{2D843797-0A3F-4FDC-B67C-C7F47C3D0E2A}.Release|Any CPU.Build.0 = Release|Any CPU
		{89425DEE-75DD-44DA-ACBA-30EDD95671DE}.Debug|Any CPU.ActiveCfg = Debug|Any CPU
		{89425DEE-75DD-44DA-ACBA-30EDD95671DE}.Debug|Any CPU.Build.0 = Debug|Any CPU
		{89425DEE-75DD-44DA-ACBA-30EDD95671DE}.Release|Any CPU.ActiveCfg = Release|Any CPU
		{89425DEE-75DD-44DA-ACBA-30EDD95671DE}.Release|Any CPU.Build.0 = Release|Any CPU
		{956A1034-417D-4BD9-A9FD-45DCDC7F332D}.Debug|Any CPU.ActiveCfg = Debug|Any CPU
		{956A1034-417D-4BD9-A9FD-45DCDC7F332D}.Debug|Any CPU.Build.0 = Debug|Any CPU
		{956A1034-417D-4BD9-A9FD-45DCDC7F332D}.Release|Any CPU.ActiveCfg = Release|Any CPU
		{956A1034-417D-4BD9-A9FD-45DCDC7F332D}.Release|Any CPU.Build.0 = Release|Any CPU
		{983CC1AA-5DAB-4F36-971C-13A4452AA9B0}.Debug|Any CPU.ActiveCfg = Debug|Any CPU
		{983CC1AA-5DAB-4F36-971C-13A4452AA9B0}.Debug|Any CPU.Build.0 = Debug|Any CPU
		{983CC1AA-5DAB-4F36-971C-13A4452AA9B0}.Release|Any CPU.ActiveCfg = Release|Any CPU
		{983CC1AA-5DAB-4F36-971C-13A4452AA9B0}.Release|Any CPU.Build.0 = Release|Any CPU
		{F1956A03-0BC4-49D7-B18D-E6FA50F1293F}.Debug|Any CPU.ActiveCfg = Debug|Any CPU
		{F1956A03-0BC4-49D7-B18D-E6FA50F1293F}.Debug|Any CPU.Build.0 = Debug|Any CPU
		{F1956A03-0BC4-49D7-B18D-E6FA50F1293F}.Release|Any CPU.ActiveCfg = Release|Any CPU
		{F1956A03-0BC4-49D7-B18D-E6FA50F1293F}.Release|Any CPU.Build.0 = Release|Any CPU
		{03D9DD5B-74D7-469A-8BC5-AA835CA34C52}.Debug|Any CPU.ActiveCfg = Debug|Any CPU
		{03D9DD5B-74D7-469A-8BC5-AA835CA34C52}.Debug|Any CPU.Build.0 = Debug|Any CPU
		{03D9DD5B-74D7-469A-8BC5-AA835CA34C52}.Release|Any CPU.ActiveCfg = Release|Any CPU
		{03D9DD5B-74D7-469A-8BC5-AA835CA34C52}.Release|Any CPU.Build.0 = Release|Any CPU
		{B227D98F-DA1B-4DBB-92E1-FDC83A590B55}.Debug|Any CPU.ActiveCfg = Debug|Any CPU
		{B227D98F-DA1B-4DBB-92E1-FDC83A590B55}.Debug|Any CPU.Build.0 = Debug|Any CPU
		{B227D98F-DA1B-4DBB-92E1-FDC83A590B55}.Release|Any CPU.ActiveCfg = Release|Any CPU
		{B227D98F-DA1B-4DBB-92E1-FDC83A590B55}.Release|Any CPU.Build.0 = Release|Any CPU
		{0F258A5F-B03A-40C8-9F63-198AC31B7FAB}.Debug|Any CPU.ActiveCfg = Debug|Any CPU
		{0F258A5F-B03A-40C8-9F63-198AC31B7FAB}.Debug|Any CPU.Build.0 = Debug|Any CPU
		{0F258A5F-B03A-40C8-9F63-198AC31B7FAB}.Release|Any CPU.ActiveCfg = Release|Any CPU
		{0F258A5F-B03A-40C8-9F63-198AC31B7FAB}.Release|Any CPU.Build.0 = Release|Any CPU
	EndGlobalSection
	GlobalSection(SolutionProperties) = preSolution
		HideSolutionNode = FALSE
	EndGlobalSection
	GlobalSection(NestedProjects) = preSolution
		{37D2801C-29F8-42FE-9249-B0C1D74976C6} = {70A275CA-64B1-42CF-8CB5-9F9825D5E3F1}
		{3BF0F42E-9422-4580-8692-60E140A78521} = {45468B54-FF0C-41E9-BB18-36AE955D0706}
		{35525AD6-C31A-4BA5-9E7F-D25087B2B60C} = {9DDDEC8B-EFA1-4751-9C6A-A72A48870345}
		{F7701CA8-4953-4EB7-880B-4F0B5B3464B0} = {9DDDEC8B-EFA1-4751-9C6A-A72A48870345}
		{2D843797-0A3F-4FDC-B67C-C7F47C3D0E2A} = {9DDDEC8B-EFA1-4751-9C6A-A72A48870345}
		{89425DEE-75DD-44DA-ACBA-30EDD95671DE} = {9DDDEC8B-EFA1-4751-9C6A-A72A48870345}
		{956A1034-417D-4BD9-A9FD-45DCDC7F332D} = {9DDDEC8B-EFA1-4751-9C6A-A72A48870345}
		{983CC1AA-5DAB-4F36-971C-13A4452AA9B0} = {9DDDEC8B-EFA1-4751-9C6A-A72A48870345}
		{F1956A03-0BC4-49D7-B18D-E6FA50F1293F} = {70A275CA-64B1-42CF-8CB5-9F9825D5E3F1}
		{03D9DD5B-74D7-469A-8BC5-AA835CA34C52} = {70A275CA-64B1-42CF-8CB5-9F9825D5E3F1}
		{B227D98F-DA1B-4DBB-92E1-FDC83A590B55} = {70A275CA-64B1-42CF-8CB5-9F9825D5E3F1}
		{0F258A5F-B03A-40C8-9F63-198AC31B7FAB} = {70A275CA-64B1-42CF-8CB5-9F9825D5E3F1}
	EndGlobalSection
	GlobalSection(ExtensibilityGlobals) = postSolution
		SolutionGuid = {09BC2F5A-456F-4FB7-9E2E-D381D011BFEC}
	EndGlobalSection
EndGlobal
